// !$*UTF8*$!
{
	archiveVersion = 1;
	classes = {
	};
	objectVersion = 46;
	objects = {

/* Begin PBXBuildFile section */
		4E4EA7DB1B94EB2F00693545 /* main.cpp in Sources */ = {isa = PBXBuildFile; fileRef = 4E4EA7DA1B94EB2F00693545 /* main.cpp */; };
		4E4EA7E21B94EB4400693545 /* palindromenumber.cpp in Sources */ = {isa = PBXBuildFile; fileRef = 4E4EA7E11B94EB4400693545 /* palindromenumber.cpp */; };
/* End PBXBuildFile section */

/* Begin PBXCopyFilesBuildPhase section */
		4E4EA7D51B94EB2F00693545 /* CopyFiles */ = {
			isa = PBXCopyFilesBuildPhase;
			buildActionMask = 2147483647;
			dstPath = /usr/share/man/man1/;
			dstSubfolderSpec = 0;
			files = (
			);
			runOnlyForDeploymentPostprocessing = 1;
		};
/* End PBXCopyFilesBuildPhase section */

/* Begin PBXFileReference section */
		4E4EA7D71B94EB2F00693545 /* leetcode_9_palindromenbr */ = {isa = PBXFileReference; explicitFileType = "compiled.mach-o.executable"; includeInIndex = 0; path = leetcode_9_palindromenbr; sourceTree = BUILT_PRODUCTS_DIR; };
		4E4EA7DA1B94EB2F00693545 /* main.cpp */ = {isa = PBXFileReference; lastKnownFileType = sourcecode.cpp.cpp; path = main.cpp; sourceTree = "<group>"; };
		4E4EA7E11B94EB4400693545 /* palindromenumber.cpp */ = {isa = PBXFileReference; fileEncoding = 4; lastKnownFileType = sourcecode.cpp.cpp; path = palindromenumber.cpp; sourceTree = "<group>"; };
/* End PBXFileReference section */

/* Begin PBXFrameworksBuildPhase section */
		4E4EA7D41B94EB2F00693545 /* Frameworks */ = {
			isa = PBXFrameworksBuildPhase;
			buildActionMask = 2147483647;
			files = (
			);
			runOnlyForDeploymentPostprocessing = 0;
		};
/* End PBXFrameworksBuildPhase section */

/* Begin PBXGroup section */
		4E4EA7CE1B94EB2F00693545 = {
			isa = PBXGroup;
			children = (
				4E4EA7D91B94EB2F00693545 /* leetcode_9_palindromenbr */,
				4E4EA7D81B94EB2F00693545 /* Products */,
			);
			sourceTree = "<group>";
		};
		4E4EA7D81B94EB2F00693545 /* Products */ = {
			isa = PBXGroup;
			children = (
				4E4EA7D71B94EB2F00693545 /* leetcode_9_palindromenbr */,
			);
			name = Products;
			sourceTree = "<group>";
		};
		4E4EA7D91B94EB2F00693545 /* leetcode_9_palindromenbr */ = {
			isa = PBXGroup;
			children = (
				4E4EA7DA1B94EB2F00693545 /* main.cpp */,
				4E4EA7E11B94EB4400693545 /* palindromenumber.cpp */,
			);
			path = leetcode_9_palindromenbr;
			sourceTree = "<group>";
		};
/* End PBXGroup section */

/* Begin PBXNativeTarget section */
		4E4EA7D61B94EB2F00693545 /* leetcode_9_palindromenbr */ = {
			isa = PBXNativeTarget;
			buildConfigurationList = 4E4EA7DE1B94EB2F00693545 /* Build configuration list for PBXNativeTarget "leetcode_9_palindromenbr" */;
			buildPhases = (
				4E4EA7D31B94EB2F00693545 /* Sources */,
				4E4EA7D41B94EB2F00693545 /* Frameworks */,
				4E4EA7D51B94EB2F00693545 /* CopyFiles */,
			);
			buildRules = (
			);
			dependencies = (
			);
			name = leetcode_9_palindromenbr;
			productName = leetcode_9_palindromenbr;
			productReference = 4E4EA7D71B94EB2F00693545 /* leetcode_9_palindromenbr */;
			productType = "com.apple.product-type.tool";
		};
/* End PBXNativeTarget section */

/* Begin PBXProject section */
		4E4EA7CF1B94EB2F00693545 /* Project object */ = {
			isa = PBXProject;
			attributes = {
				LastUpgradeCheck = 0640;
				ORGANIZATIONNAME = mathieuwang;
				TargetAttributes = {
					4E4EA7D61B94EB2F00693545 = {
						CreatedOnToolsVersion = 6.4;
					};
				};
			};
			buildConfigurationList = 4E4EA7D21B94EB2F00693545 /* Build configuration list for PBXProject "leetcode_9_palindromenbr" */;
			compatibilityVersion = "Xcode 3.2";
			developmentRegion = English;
			hasScannedForEncodings = 0;
			knownRegions = (
				en,
			);
			mainGroup = 4E4EA7CE1B94EB2F00693545;
			productRefGroup = 4E4EA7D81B94EB2F00693545 /* Products */;
			projectDirPath = "";
			projectRoot = "";
			targets = (
				4E4EA7D61B94EB2F00693545 /* leetcode_9_palindromenbr */,
			);
		};
/* End PBXProject section */

/* Begin PBXSourcesBuildPhase section */
		4E4EA7D31B94EB2F00693545 /* Sources */ = {
			isa = PBXSourcesBuildPhase;
			buildActionMask = 2147483647;
			files = (
				4E4EA7DB1B94EB2F00693545 /* main.cpp in Sources */,
				4E4EA7E21B94EB4400693545 /* palindromenumber.cpp in Sources */,
			);
			runOnlyForDeploymentPostprocessing = 0;
		};
/* End PBXSourcesBuildPhase section */

/* Begin XCBuildConfiguration section */
		4E4EA7DC1B94EB2F00693545 /* Debug */ = {
			isa = XCBuildConfiguration;
			buildSettings = {
				ALWAYS_SEARCH_USER_PATHS = NO;
				CLANG_CXX_LANGUAGE_STANDARD = "gnu++0x";
				CLANG_CXX_LIBRARY = "libc++";
				CLANG_ENABLE_MODULES = YES;
				CLANG_ENABLE_OBJC_ARC = YES;
				CLANG_WARN_BOOL_CONVERSION = YES;
				CLANG_WARN_CONSTANT_CONVERSION = YES;
				CLANG_WARN_DIRECT_OBJC_ISA_USAGE = YES_ERROR;
				CLANG_WARN_EMPTY_BODY = YES;
				CLANG_WARN_ENUM_CONVERSION = YES;
				CLANG_WARN_INT_CONVERSION = YES;
				CLANG_WARN_OBJC_ROOT_CLASS = YES_ERROR;
				CLANG_WARN_UNREACHABLE_CODE = YES;
				CLANG_WARN__DUPLICATE_METHOD_MATCH = YES;
				COPY_PHASE_STRIP = NO;
				DEBUG_INFORMATION_FORMAT = dwarf;
				ENABLE_STRICT_OBJC_MSGSEND = YES;
				GCC_C_LANGUAGE_STANDARD = gnu99;
				GCC_DYNAMIC_NO_PIC = NO;
				GCC_NO_COMMON_BLOCKS = YES;
				GCC_OPTIMIZATION_LEVEL = 0;
				GCC_PREPROCESSOR_DEFINITIONS = (
					"DEBUG=1",
					"$(inherited)",
				);
				GCC_SYMBOLS_PRIVATE_EXTERN = NO;
				GCC_WARN_64_TO_32_BIT_CONVERSION = YES;
				GCC_WARN_ABOUT_RETURN_TYPE = YES_ERROR;
				GCC_WARN_UNDECLARED_SELECTOR = YES;
				GCC_WARN_UNINITIALIZED_AUTOS = YES_AGGRESSIVE;
				GCC_WARN_UNUSED_FUNCTION = YES;
				GCC_WARN_UNUSED_VARIABLE = YES;
				MACOSX_DEPLOYMENT_TARGET = 10.10;
				MTL_ENABLE_DEBUG_INFO = YES;
				ONLY_ACTIVE_ARCH = YES;
				SDKROOT = macosx;
			};
			name = Debug;
		};
		4E4EA7DD1B94EB2F00693545 /* Release */ = {
			isa = XCBuildConfiguration;
			buildSettings = {
				ALWAYS_SEARCH_USER_PATHS = NO;
				CLANG_CXX_LANGUAGE_STANDARD = "gnu++0x";
				CLANG_CXX_LIBRARY = "libc++";
				CLANG_ENABLE_MODULES = YES;
				CLANG_ENABLE_OBJC_ARC = YES;
				CLANG_WARN_BOOL_CONVERSION = YES;
				CLANG_WARN_CONSTANT_CONVERSION = YES;
				CLANG_WARN_DIRECT_OBJC_ISA_USAGE = YES_ERROR;
				CLANG_WARN_EMPTY_BODY = YES;
				CLANG_WARN_ENUM_CONVERSION = YES;
				CLANG_WARN_INT_CONVERSION = YES;
				CLANG_WARN_OBJC_ROOT_CLASS = YES_ERROR;
				CLANG_WARN_UNREACHABLE_CODE = YES;
				CLANG_WARN__DUPLICATE_METHOD_MATCH = YES;
				COPY_PHASE_STRIP = NO;
				DEBUG_INFORMATION_FORMAT = "dwarf-with-dsym";
				ENABLE_NS_ASSERTIONS = NO;
				ENABLE_STRICT_OBJC_MSGSEND = YES;
				GCC_C_LANGUAGE_STANDARD = gnu99;
				GCC_NO_COMMON_BLOCKS = YES;
				GCC_WARN_64_TO_32_BIT_CONVERSION = YES;
				GCC_WARN_ABOUT_RETURN_TYPE = YES_ERROR;
				GCC_WARN_UNDECLARED_SELECTOR = YES;
				GCC_WARN_UNINITIALIZED_AUTOS = YES_AGGRESSIVE;
				GCC_WARN_UNUSED_FUNCTION = YES;
				GCC_WARN_UNUSED_VARIABLE = YES;
				MACOSX_DEPLOYMENT_TARGET = 10.10;
				MTL_ENABLE_DEBUG_INFO = NO;
				SDKROOT = macosx;
			};
			name = Release;
		};
		4E4EA7DF1B94EB2F00693545 /* Debug */ = {
			isa = XCBuildConfiguration;
			buildSettings = {
				PRODUCT_NAME = "$(TARGET_NAME)";
			};
			name = Debug;
		};
		4E4EA7E01B94EB2F00693545 /* Release */ = {
			isa = XCBuildConfiguration;
			buildSettings = {
				PRODUCT_NAME = "$(TARGET_NAME)";
			};
			name = Release;
		};
/* End XCBuildConfiguration section */

/* Begin XCConfigurationList section */
		4E4EA7D21B94EB2F00693545 /* Build configuration list for PBXProject "leetcode_9_palindromenbr" */ = {
			isa = XCConfigurationList;
			buildConfigurations = (
				4E4EA7DC1B94EB2F00693545 /* Debug */,
				4E4EA7DD1B94EB2F00693545 /* Release */,
			);
			defaultConfigurationIsVisible = 0;
			defaultConfigurationName = Release;
		};
		4E4EA7DE1B94EB2F00693545 /* Build configuration list for PBXNativeTarget "leetcode_9_palindromenbr" */ = {
			isa = XCConfigurationList;
			buildConfigurations = (
				4E4EA7DF1B94EB2F00693545 /* Debug */,
				4E4EA7E01B94EB2F00693545 /* Release */,
			);
			defaultConfigurationIsVisible = 0;
		};
/* End XCConfigurationList section */
	};
	rootObject = 4E4EA7CF1B94EB2F00693545 /* Project object */;
}
